
Microsoft Visual Studio Solution File, Format Version 12.00
# Visual Studio Version 16
VisualStudioVersion = 16.0.30309.148
MinimumVisualStudioVersion = 10.0.40219.1
Project("{FAE04EC0-301F-11D3-BF4B-00C04F79EFBC}") = "word counter", "word counter\word counter.csproj", "{2F43AAA0-48B1-4341-BCC9-FBFE9D49F995}"
EndProject
Global
	GlobalSection(SolutionConfigurationPlatforms) = preSolution
		Debug|Any CPU = Debug|Any CPU
		Release|Any CPU = Release|Any CPU
	EndGlobalSection
	GlobalSection(ProjectConfigurationPlatforms) = postSolution
		{2F43AAA0-48B1-4341-BCC9-FBFE9D49F995}.Debug|Any CPU.ActiveCfg = Debug|Any CPU
		{2F43AAA0-48B1-4341-BCC9-FBFE9D49F995}.Debug|Any CPU.Build.0 = Debug|Any CPU
		{2F43AAA0-48B1-4341-BCC9-FBFE9D49F995}.Release|Any CPU.ActiveCfg = Release|Any CPU
		{2F43AAA0-48B1-4341-BCC9-FBFE9D49F995}.Release|Any CPU.Build.0 = Release|Any CPU
	EndGlobalSection
	GlobalSection(SolutionProperties) = preSolution
		HideSolutionNode = FALSE
	EndGlobalSection
	GlobalSection(ExtensibilityGlobals) = postSolution
		SolutionGuid = {9880D3EE-A407-4A82-9748-94655E1C3E8C}
	EndGlobalSection
EndGlobal
